
Microsoft Visual Studio Solution File, Format Version 12.00
# Visual Studio 15
VisualStudioVersion = 15.0.27703.2047
MinimumVisualStudioVersion = 10.0.40219.1
Project("{888888A0-9F3D-457C-B088-3A5042F75D52}") = "IR", "IR\IR.pyproj", "{814DCBF5-583B-42A2-8F68-E28BB2F9651C}"
EndProject
Global
	GlobalSection(SolutionConfigurationPlatforms) = preSolution
		Debug|Any CPU = Debug|Any CPU
		Release|Any CPU = Release|Any CPU
	EndGlobalSection
	GlobalSection(ProjectConfigurationPlatforms) = postSolution
		{814DCBF5-583B-42A2-8F68-E28BB2F9651C}.Debug|Any CPU.ActiveCfg = Debug|Any CPU
		{814DCBF5-583B-42A2-8F68-E28BB2F9651C}.Release|Any CPU.ActiveCfg = Release|Any CPU
	EndGlobalSection
	GlobalSection(SolutionProperties) = preSolution
		HideSolutionNode = FALSE
	EndGlobalSection
	GlobalSection(ExtensibilityGlobals) = postSolution
		SolutionGuid = {F6BEE949-E7E0-421F-BB35-996E5F53C294}
	EndGlobalSection
EndGlobal
